
Microsoft Visual Studio Solution File, Format Version 12.00
# Visual Studio Version 17
VisualStudioVersion = 17.8.34330.188
MinimumVisualStudioVersion = 10.0.40219.1
Project("{FAE04EC0-301F-11D3-BF4B-00C04F79EFBC}") = "RainbowAzure", "RainbowAzure\RainbowAzure.csproj", "{E9D131BE-4A50-450A-8C58-5E6900074D99}"
EndProject
Global
	GlobalSection(SolutionConfigurationPlatforms) = preSolution
		Debug|Any CPU = Debug|Any CPU
		Release|Any CPU = Release|Any CPU
	EndGlobalSection
	GlobalSection(ProjectConfigurationPlatforms) = postSolution
		{E9D131BE-4A50-450A-8C58-5E6900074D99}.Debug|Any CPU.ActiveCfg = Debug|Any CPU
		{E9D131BE-4A50-450A-8C58-5E6900074D99}.Debug|Any CPU.Build.0 = Debug|Any CPU
		{E9D131BE-4A50-450A-8C58-5E6900074D99}.Release|Any CPU.ActiveCfg = Release|Any CPU
		{E9D131BE-4A50-450A-8C58-5E6900074D99}.Release|Any CPU.Build.0 = Release|Any CPU
	EndGlobalSection
	GlobalSection(SolutionProperties) = preSolution
		HideSolutionNode = FALSE
	EndGlobalSection
	GlobalSection(ExtensibilityGlobals) = postSolution
		SolutionGuid = {FF337B32-9D96-4E3E-ADE9-64099103DC09}
	EndGlobalSection
EndGlobal
